
Microsoft Visual Studio Solution File, Format Version 12.00
# Visual Studio Version 16
VisualStudioVersion = 16.0.33130.400
MinimumVisualStudioVersion = 10.0.40219.1
Project("{FAE04EC0-301F-11D3-BF4B-00C04F79EFBC}") = "RootCoinTrial1", "RootCoinTrial1.csproj", "{10CE5BBB-4E61-458D-A888-6F859FFB57C1}"
EndProject
Global
	GlobalSection(SolutionConfigurationPlatforms) = preSolution
		Debug|Any CPU = Debug|Any CPU
		Release|Any CPU = Release|Any CPU
	EndGlobalSection
	GlobalSection(ProjectConfigurationPlatforms) = postSolution
		{10CE5BBB-4E61-458D-A888-6F859FFB57C1}.Debug|Any CPU.ActiveCfg = Debug|Any CPU
		{10CE5BBB-4E61-458D-A888-6F859FFB57C1}.Debug|Any CPU.Build.0 = Debug|Any CPU
		{10CE5BBB-4E61-458D-A888-6F859FFB57C1}.Release|Any CPU.ActiveCfg = Release|Any CPU
		{10CE5BBB-4E61-458D-A888-6F859FFB57C1}.Release|Any CPU.Build.0 = Release|Any CPU
	EndGlobalSection
	GlobalSection(SolutionProperties) = preSolution
		HideSolutionNode = FALSE
	EndGlobalSection
	GlobalSection(ExtensibilityGlobals) = postSolution
		SolutionGuid = {D3E6EE29-23E9-460F-AD6A-BD3DE2A3369F}
	EndGlobalSection
EndGlobal
